
Microsoft Visual Studio Solution File, Format Version 12.00
# Visual Studio 15
Project("{FAE04EC0-301F-11D3-BF4B-00C04F79EFBC}") = "Assembly-CSharp", "Assembly-CSharp.csproj", "{A054B06C-0B32-C357-452D-7CB502A86AF2}"
EndProject
Project("{FAE04EC0-301F-11D3-BF4B-00C04F79EFBC}") = "Assembly-CSharp-Editor", "Assembly-CSharp-Editor.csproj", "{23834BCC-0484-01F9-DA9B-4305BAF50628}"
EndProject
Global
	GlobalSection(SolutionConfigurationPlatforms) = preSolution
		Debug|Any CPU = Debug|Any CPU
		Release|Any CPU = Release|Any CPU
	EndGlobalSection
	GlobalSection(ProjectConfigurationPlatforms) = postSolution
		{A054B06C-0B32-C357-452D-7CB502A86AF2}.Debug|Any CPU.ActiveCfg = Debug|Any CPU
		{A054B06C-0B32-C357-452D-7CB502A86AF2}.Debug|Any CPU.Build.0 = Debug|Any CPU
		{A054B06C-0B32-C357-452D-7CB502A86AF2}.Release|Any CPU.ActiveCfg = Release|Any CPU
		{A054B06C-0B32-C357-452D-7CB502A86AF2}.Release|Any CPU.Build.0 = Release|Any CPU
		{23834BCC-0484-01F9-DA9B-4305BAF50628}.Debug|Any CPU.ActiveCfg = Debug|Any CPU
		{23834BCC-0484-01F9-DA9B-4305BAF50628}.Debug|Any CPU.Build.0 = Debug|Any CPU
		{23834BCC-0484-01F9-DA9B-4305BAF50628}.Release|Any CPU.ActiveCfg = Release|Any CPU
		{23834BCC-0484-01F9-DA9B-4305BAF50628}.Release|Any CPU.Build.0 = Release|Any CPU
	EndGlobalSection
	GlobalSection(SolutionProperties) = preSolution
		HideSolutionNode = FALSE
	EndGlobalSection
EndGlobal
