
Microsoft Visual Studio Solution File, Format Version 12.00
# Visual Studio 15
Project("{FAE04EC0-301F-11D3-BF4B-00C04F79EFBC}") = "SimpleWebTransport", "SimpleWebTransport.csproj", "{7288D8FC-39A1-3E82-8FD8-E7D83C4B5BA4}"
EndProject
Project("{FAE04EC0-301F-11D3-BF4B-00C04F79EFBC}") = "Mirror.Examples", "Mirror.Examples.csproj", "{BE76916B-F551-C0B0-0923-4247E56DE2D2}"
EndProject
Project("{FAE04EC0-301F-11D3-BF4B-00C04F79EFBC}") = "Mirror", "Mirror.csproj", "{6C92C088-846A-54AD-27B7-792D76AD77A9}"
EndProject
Project("{FAE04EC0-301F-11D3-BF4B-00C04F79EFBC}") = "Mirror.Components", "Mirror.Components.csproj", "{67E9AD7A-7A30-8250-EEFD-49D82EABBB2E}"
EndProject
Project("{FAE04EC0-301F-11D3-BF4B-00C04F79EFBC}") = "Project", "Project.csproj", "{E93E9FBD-DEAF-4BFF-5870-EBB4720927C2}"
EndProject
Project("{FAE04EC0-301F-11D3-BF4B-00C04F79EFBC}") = "Telepathy", "Telepathy.csproj", "{FEAB69F8-6C7E-DDEA-E472-62AE9476AAF8}"
EndProject
Project("{FAE04EC0-301F-11D3-BF4B-00C04F79EFBC}") = "kcp2k", "kcp2k.csproj", "{BC6340CE-0217-8AC5-BDC5-93BBC1EB1689}"
EndProject
Project("{FAE04EC0-301F-11D3-BF4B-00C04F79EFBC}") = "Project.External", "Project.External.csproj", "{51799D5B-1326-9A39-9757-0ABD781855AB}"
EndProject
Project("{FAE04EC0-301F-11D3-BF4B-00C04F79EFBC}") = "Mirror.Authenticators", "Mirror.Authenticators.csproj", "{A1C5D58E-E34B-B99A-F2F2-7735268CE903}"
EndProject
Project("{FAE04EC0-301F-11D3-BF4B-00C04F79EFBC}") = "Mirror.Weaver", "Mirror.Weaver.csproj", "{6912C565-F20C-7418-F2DA-9DAD75A75389}"
EndProject
Project("{FAE04EC0-301F-11D3-BF4B-00C04F79EFBC}") = "ParrelSync", "ParrelSync.csproj", "{00F4471E-EAF4-68AD-2740-D39BAD85F4FB}"
EndProject
Project("{FAE04EC0-301F-11D3-BF4B-00C04F79EFBC}") = "Mirror.Editor", "Mirror.Editor.csproj", "{90973577-63B7-515C-D8B6-63826FF81633}"
EndProject
Project("{FAE04EC0-301F-11D3-BF4B-00C04F79EFBC}") = "Mirror.CompilerSymbols", "Mirror.CompilerSymbols.csproj", "{F90536E6-A7E2-A930-1430-BF5E870C5BBD}"
EndProject
Global
	GlobalSection(SolutionConfigurationPlatforms) = preSolution
		Debug|Any CPU = Debug|Any CPU
		Release|Any CPU = Release|Any CPU
	EndGlobalSection
	GlobalSection(ProjectConfigurationPlatforms) = postSolution
		{7288D8FC-39A1-3E82-8FD8-E7D83C4B5BA4}.Debug|Any CPU.ActiveCfg = Debug|Any CPU
		{7288D8FC-39A1-3E82-8FD8-E7D83C4B5BA4}.Debug|Any CPU.Build.0 = Debug|Any CPU
		{7288D8FC-39A1-3E82-8FD8-E7D83C4B5BA4}.Release|Any CPU.ActiveCfg = Release|Any CPU
		{7288D8FC-39A1-3E82-8FD8-E7D83C4B5BA4}.Release|Any CPU.Build.0 = Release|Any CPU
		{BE76916B-F551-C0B0-0923-4247E56DE2D2}.Debug|Any CPU.ActiveCfg = Debug|Any CPU
		{BE76916B-F551-C0B0-0923-4247E56DE2D2}.Debug|Any CPU.Build.0 = Debug|Any CPU
		{BE76916B-F551-C0B0-0923-4247E56DE2D2}.Release|Any CPU.ActiveCfg = Release|Any CPU
		{BE76916B-F551-C0B0-0923-4247E56DE2D2}.Release|Any CPU.Build.0 = Release|Any CPU
		{6C92C088-846A-54AD-27B7-792D76AD77A9}.Debug|Any CPU.ActiveCfg = Debug|Any CPU
		{6C92C088-846A-54AD-27B7-792D76AD77A9}.Debug|Any CPU.Build.0 = Debug|Any CPU
		{6C92C088-846A-54AD-27B7-792D76AD77A9}.Release|Any CPU.ActiveCfg = Release|Any CPU
		{6C92C088-846A-54AD-27B7-792D76AD77A9}.Release|Any CPU.Build.0 = Release|Any CPU
		{67E9AD7A-7A30-8250-EEFD-49D82EABBB2E}.Debug|Any CPU.ActiveCfg = Debug|Any CPU
		{67E9AD7A-7A30-8250-EEFD-49D82EABBB2E}.Debug|Any CPU.Build.0 = Debug|Any CPU
		{67E9AD7A-7A30-8250-EEFD-49D82EABBB2E}.Release|Any CPU.ActiveCfg = Release|Any CPU
		{67E9AD7A-7A30-8250-EEFD-49D82EABBB2E}.Release|Any CPU.Build.0 = Release|Any CPU
		{E93E9FBD-DEAF-4BFF-5870-EBB4720927C2}.Debug|Any CPU.ActiveCfg = Debug|Any CPU
		{E93E9FBD-DEAF-4BFF-5870-EBB4720927C2}.Debug|Any CPU.Build.0 = Debug|Any CPU
		{E93E9FBD-DEAF-4BFF-5870-EBB4720927C2}.Release|Any CPU.ActiveCfg = Release|Any CPU
		{E93E9FBD-DEAF-4BFF-5870-EBB4720927C2}.Release|Any CPU.Build.0 = Release|Any CPU
		{FEAB69F8-6C7E-DDEA-E472-62AE9476AAF8}.Debug|Any CPU.ActiveCfg = Debug|Any CPU
		{FEAB69F8-6C7E-DDEA-E472-62AE9476AAF8}.Debug|Any CPU.Build.0 = Debug|Any CPU
		{FEAB69F8-6C7E-DDEA-E472-62AE9476AAF8}.Release|Any CPU.ActiveCfg = Release|Any CPU
		{FEAB69F8-6C7E-DDEA-E472-62AE9476AAF8}.Release|Any CPU.Build.0 = Release|Any CPU
		{BC6340CE-0217-8AC5-BDC5-93BBC1EB1689}.Debug|Any CPU.ActiveCfg = Debug|Any CPU
		{BC6340CE-0217-8AC5-BDC5-93BBC1EB1689}.Debug|Any CPU.Build.0 = Debug|Any CPU
		{BC6340CE-0217-8AC5-BDC5-93BBC1EB1689}.Release|Any CPU.ActiveCfg = Release|Any CPU
		{BC6340CE-0217-8AC5-BDC5-93BBC1EB1689}.Release|Any CPU.Build.0 = Release|Any CPU
		{51799D5B-1326-9A39-9757-0ABD781855AB}.Debug|Any CPU.ActiveCfg = Debug|Any CPU
		{51799D5B-1326-9A39-9757-0ABD781855AB}.Debug|Any CPU.Build.0 = Debug|Any CPU
		{51799D5B-1326-9A39-9757-0ABD781855AB}.Release|Any CPU.ActiveCfg = Release|Any CPU
		{51799D5B-1326-9A39-9757-0ABD781855AB}.Release|Any CPU.Build.0 = Release|Any CPU
		{A1C5D58E-E34B-B99A-F2F2-7735268CE903}.Debug|Any CPU.ActiveCfg = Debug|Any CPU
		{A1C5D58E-E34B-B99A-F2F2-7735268CE903}.Debug|Any CPU.Build.0 = Debug|Any CPU
		{A1C5D58E-E34B-B99A-F2F2-7735268CE903}.Release|Any CPU.ActiveCfg = Release|Any CPU
		{A1C5D58E-E34B-B99A-F2F2-7735268CE903}.Release|Any CPU.Build.0 = Release|Any CPU
		{6912C565-F20C-7418-F2DA-9DAD75A75389}.Debug|Any CPU.ActiveCfg = Debug|Any CPU
		{6912C565-F20C-7418-F2DA-9DAD75A75389}.Debug|Any CPU.Build.0 = Debug|Any CPU
		{6912C565-F20C-7418-F2DA-9DAD75A75389}.Release|Any CPU.ActiveCfg = Release|Any CPU
		{6912C565-F20C-7418-F2DA-9DAD75A75389}.Release|Any CPU.Build.0 = Release|Any CPU
		{00F4471E-EAF4-68AD-2740-D39BAD85F4FB}.Debug|Any CPU.ActiveCfg = Debug|Any CPU
		{00F4471E-EAF4-68AD-2740-D39BAD85F4FB}.Debug|Any CPU.Build.0 = Debug|Any CPU
		{00F4471E-EAF4-68AD-2740-D39BAD85F4FB}.Release|Any CPU.ActiveCfg = Release|Any CPU
		{00F4471E-EAF4-68AD-2740-D39BAD85F4FB}.Release|Any CPU.Build.0 = Release|Any CPU
		{90973577-63B7-515C-D8B6-63826FF81633}.Debug|Any CPU.ActiveCfg = Debug|Any CPU
		{90973577-63B7-515C-D8B6-63826FF81633}.Debug|Any CPU.Build.0 = Debug|Any CPU
		{90973577-63B7-515C-D8B6-63826FF81633}.Release|Any CPU.ActiveCfg = Release|Any CPU
		{90973577-63B7-515C-D8B6-63826FF81633}.Release|Any CPU.Build.0 = Release|Any CPU
		{F90536E6-A7E2-A930-1430-BF5E870C5BBD}.Debug|Any CPU.ActiveCfg = Debug|Any CPU
		{F90536E6-A7E2-A930-1430-BF5E870C5BBD}.Debug|Any CPU.Build.0 = Debug|Any CPU
		{F90536E6-A7E2-A930-1430-BF5E870C5BBD}.Release|Any CPU.ActiveCfg = Release|Any CPU
		{F90536E6-A7E2-A930-1430-BF5E870C5BBD}.Release|Any CPU.Build.0 = Release|Any CPU
	EndGlobalSection
	GlobalSection(SolutionProperties) = preSolution
		HideSolutionNode = FALSE
	EndGlobalSection
EndGlobal
